# THIS IS AN AUTOGENERATED FILE. DO NOT EDIT THIS FILE DIRECTLY.
# yarn lockfile v1


react-hook-form@^7.39.4:
  version "7.39.4"
  resolved "https://registry.yarnpkg.com/react-hook-form/-/react-hook-form-7.39.4.tgz#7d9edf4e778a0cec4383f0119cd0699e3826a14a"
  integrity sha512-B0e78r9kR9L2M4A4AXGbHoA/vyv34sB/n8QWJAw33TFz8f5t9helBbYAeqnbvcQf1EYzJxKX/bGQQh9K+evCyQ==
